
Microsoft Visual Studio Solution File, Format Version 12.00
# Visual Studio Version 16
VisualStudioVersion = 16.0.31424.327
MinimumVisualStudioVersion = 10.0.40219.1
Project("{FAE04EC0-301F-11D3-BF4B-00C04F79EFBC}") = "QuintaClase", "QuintaClase\QuintaClase.csproj", "{7732BF56-7E21-42E7-9744-A631C9DDCD35}"
EndProject
Project("{FAE04EC0-301F-11D3-BF4B-00C04F79EFBC}") = "Business", "Business\Business.csproj", "{78A43810-1743-4122-86E1-523E3665F7A7}"
EndProject
Project("{FAE04EC0-301F-11D3-BF4B-00C04F79EFBC}") = "Data", "Data\Data.csproj", "{F97A31E4-2D78-4179-B833-EC82753664E0}"
EndProject
Project("{FAE04EC0-301F-11D3-BF4B-00C04F79EFBC}") = "Entity", "Entity\Entity.csproj", "{E0089BDE-FAB5-4445-83F4-0D67754848C0}"
EndProject
Project("{2150E333-8FDC-42A3-9474-1A3956D46DE8}") = "Querys", "Querys", "{B13CF317-2462-4813-84DB-7E58BB660205}"
	ProjectSection(SolutionItems) = preProject
		..\..\..\OneDrive\Escritorio\PersonasQuery.sql = ..\..\..\OneDrive\Escritorio\PersonasQuery.sql
	EndProjectSection
EndProject
Project("{FAE04EC0-301F-11D3-BF4B-00C04F79EFBC}") = "Librerias", "Librerias\Librerias.csproj", "{A9805041-61EC-4BD9-A8CF-F14A1BCC7B31}"
EndProject
Global
	GlobalSection(SolutionConfigurationPlatforms) = preSolution
		Debug|Any CPU = Debug|Any CPU
		Release|Any CPU = Release|Any CPU
	EndGlobalSection
	GlobalSection(ProjectConfigurationPlatforms) = postSolution
		{7732BF56-7E21-42E7-9744-A631C9DDCD35}.Debug|Any CPU.ActiveCfg = Debug|Any CPU
		{7732BF56-7E21-42E7-9744-A631C9DDCD35}.Debug|Any CPU.Build.0 = Debug|Any CPU
		{7732BF56-7E21-42E7-9744-A631C9DDCD35}.Release|Any CPU.ActiveCfg = Release|Any CPU
		{7732BF56-7E21-42E7-9744-A631C9DDCD35}.Release|Any CPU.Build.0 = Release|Any CPU
		{78A43810-1743-4122-86E1-523E3665F7A7}.Debug|Any CPU.ActiveCfg = Debug|Any CPU
		{78A43810-1743-4122-86E1-523E3665F7A7}.Debug|Any CPU.Build.0 = Debug|Any CPU
		{78A43810-1743-4122-86E1-523E3665F7A7}.Release|Any CPU.ActiveCfg = Release|Any CPU
		{78A43810-1743-4122-86E1-523E3665F7A7}.Release|Any CPU.Build.0 = Release|Any CPU
		{F97A31E4-2D78-4179-B833-EC82753664E0}.Debug|Any CPU.ActiveCfg = Debug|Any CPU
		{F97A31E4-2D78-4179-B833-EC82753664E0}.Debug|Any CPU.Build.0 = Debug|Any CPU
		{F97A31E4-2D78-4179-B833-EC82753664E0}.Release|Any CPU.ActiveCfg = Release|Any CPU
		{F97A31E4-2D78-4179-B833-EC82753664E0}.Release|Any CPU.Build.0 = Release|Any CPU
		{E0089BDE-FAB5-4445-83F4-0D67754848C0}.Debug|Any CPU.ActiveCfg = Debug|Any CPU
		{E0089BDE-FAB5-4445-83F4-0D67754848C0}.Debug|Any CPU.Build.0 = Debug|Any CPU
		{E0089BDE-FAB5-4445-83F4-0D67754848C0}.Release|Any CPU.ActiveCfg = Release|Any CPU
		{E0089BDE-FAB5-4445-83F4-0D67754848C0}.Release|Any CPU.Build.0 = Release|Any CPU
		{A9805041-61EC-4BD9-A8CF-F14A1BCC7B31}.Debug|Any CPU.ActiveCfg = Debug|Any CPU
		{A9805041-61EC-4BD9-A8CF-F14A1BCC7B31}.Debug|Any CPU.Build.0 = Debug|Any CPU
		{A9805041-61EC-4BD9-A8CF-F14A1BCC7B31}.Release|Any CPU.ActiveCfg = Release|Any CPU
		{A9805041-61EC-4BD9-A8CF-F14A1BCC7B31}.Release|Any CPU.Build.0 = Release|Any CPU
	EndGlobalSection
	GlobalSection(SolutionProperties) = preSolution
		HideSolutionNode = FALSE
	EndGlobalSection
	GlobalSection(ExtensibilityGlobals) = postSolution
		SolutionGuid = {2ADAB9E0-770D-4494-883B-551C19DEB2E4}
	EndGlobalSection
EndGlobal
